
Microsoft Visual Studio Solution File, Format Version 12.00
# Visual Studio Version 17
VisualStudioVersion = 17.5.002.0
MinimumVisualStudioVersion = 10.0.40219.1
Project("{2150E333-8FDC-42A3-9474-1A3956D46DE8}") = "csharp-prep", "csharp-prep", "{7B296C60-1BFD-41ED-AE16-7F3E025E6585}"
EndProject
Project("{9A19103F-16F7-4668-BE54-9A1E7A4F7556}") = "Prep1", "csharp-prep\Prep1\Prep1.csproj", "{143928BA-2437-41CA-9D4C-F1DF1B3DDFBD}"
EndProject
Project("{9A19103F-16F7-4668-BE54-9A1E7A4F7556}") = "Prep2", "csharp-prep\Prep2\Prep2.csproj", "{4F137DC8-C956-468F-A52C-0C6550AAC2D2}"
EndProject
Project("{9A19103F-16F7-4668-BE54-9A1E7A4F7556}") = "Prep3", "csharp-prep\Prep3\Prep3.csproj", "{0AE47D81-083F-41DC-8D6D-AD539411ED57}"
EndProject
Project("{9A19103F-16F7-4668-BE54-9A1E7A4F7556}") = "Prep4", "csharp-prep\Prep4\Prep4.csproj", "{578DE065-3979-4B91-9AC4-A3552486CAD0}"
EndProject
Project("{9A19103F-16F7-4668-BE54-9A1E7A4F7556}") = "Prep5", "csharp-prep\Prep5\Prep5.csproj", "{84CDAF5D-A006-42DC-BD8B-4C751C448B2B}"
EndProject
Project("{2150E333-8FDC-42A3-9474-1A3956D46DE8}") = "final", "final", "{E7857558-FE21-4272-9FF4-23E31E7D5C2B}"
EndProject
Project("{9A19103F-16F7-4668-BE54-9A1E7A4F7556}") = "FinalProject", "final\FinalProject\FinalProject.csproj", "{3C68743B-3F5F-4A91-9AF8-EF3D8E0022FB}"
EndProject
Project("{9A19103F-16F7-4668-BE54-9A1E7A4F7556}") = "Foundation1", "final\Foundation1\Foundation1.csproj", "{75BDC1C3-F288-4EE4-9CBD-E56499F599AC}"
EndProject
Project("{9A19103F-16F7-4668-BE54-9A1E7A4F7556}") = "Foundation2", "final\Foundation2\Foundation2.csproj", "{633AC85B-F40B-4BD8-8F6D-BF564DE354D1}"
EndProject
Project("{9A19103F-16F7-4668-BE54-9A1E7A4F7556}") = "Foundation3", "final\Foundation3\Foundation3.csproj", "{E489707D-8E6F-4991-95A5-206F0EDD0691}"
EndProject
Project("{9A19103F-16F7-4668-BE54-9A1E7A4F7556}") = "Foundation4", "final\Foundation4\Foundation4.csproj", "{20DFDA08-8ECA-491C-90F7-086AFE046CEC}"
EndProject
Project("{2150E333-8FDC-42A3-9474-1A3956D46DE8}") = "prepare", "prepare", "{C7178AF4-F84C-4F22-A6F7-35D0770400F2}"
EndProject
Project("{9A19103F-16F7-4668-BE54-9A1E7A4F7556}") = "Learning02", "prepare\Learning02\Learning02.csproj", "{81DCB9CC-8CD6-49AB-AB68-7DDFE954B5E6}"
EndProject
Project("{9A19103F-16F7-4668-BE54-9A1E7A4F7556}") = "Learning03", "prepare\Learning03\Learning03.csproj", "{54F41583-D91B-4BC9-B509-760D881DCF63}"
EndProject
Project("{9A19103F-16F7-4668-BE54-9A1E7A4F7556}") = "Learning04", "prepare\Learning04\Learning04.csproj", "{A3ECA068-D48A-4E1B-B764-3832E1A15BF3}"
EndProject
Project("{9A19103F-16F7-4668-BE54-9A1E7A4F7556}") = "Learning05", "prepare\Learning05\Learning05.csproj", "{20FA0696-9369-4A79-BC73-53D0B6010C08}"
EndProject
Project("{2150E333-8FDC-42A3-9474-1A3956D46DE8}") = "prove", "prove", "{ECB75D23-BF07-445B-A4E6-BB52F996D997}"
EndProject
Project("{9A19103F-16F7-4668-BE54-9A1E7A4F7556}") = "Develop02", "prove\Develop02\Develop02.csproj", "{C52924BA-F839-46C4-B8B5-205E97D7CDF3}"
EndProject
Project("{9A19103F-16F7-4668-BE54-9A1E7A4F7556}") = "Develop03", "prove\Develop03\Develop03.csproj", "{023487E9-B66D-4091-84C6-353CEF32C867}"
EndProject
Project("{9A19103F-16F7-4668-BE54-9A1E7A4F7556}") = "Develop04", "prove\Develop04\Develop04.csproj", "{2F582226-4059-41C4-ADCE-F912587AA2E9}"
EndProject
Project("{9A19103F-16F7-4668-BE54-9A1E7A4F7556}") = "Develop05", "prove\Develop05\Develop05.csproj", "{24D60074-96D4-4BED-8253-FEE4DEB02768}"
EndProject
Project("{2150E333-8FDC-42A3-9474-1A3956D46DE8}") = "sandbox", "sandbox", "{D49B9FF8-E558-450D-AE59-6152DC78E314}"
EndProject
Project("{9A19103F-16F7-4668-BE54-9A1E7A4F7556}") = "Sandbox", "sandbox\Sandbox\Sandbox.csproj", "{DD3DBC17-7B06-4457-8933-D7A49C817F02}"
EndProject
Global
	GlobalSection(SolutionConfigurationPlatforms) = preSolution
		Debug|Any CPU = Debug|Any CPU
		Release|Any CPU = Release|Any CPU
	EndGlobalSection
	GlobalSection(ProjectConfigurationPlatforms) = postSolution
		{143928BA-2437-41CA-9D4C-F1DF1B3DDFBD}.Debug|Any CPU.ActiveCfg = Debug|Any CPU
		{143928BA-2437-41CA-9D4C-F1DF1B3DDFBD}.Debug|Any CPU.Build.0 = Debug|Any CPU
		{143928BA-2437-41CA-9D4C-F1DF1B3DDFBD}.Release|Any CPU.ActiveCfg = Release|Any CPU
		{143928BA-2437-41CA-9D4C-F1DF1B3DDFBD}.Release|Any CPU.Build.0 = Release|Any CPU
		{4F137DC8-C956-468F-A52C-0C6550AAC2D2}.Debug|Any CPU.ActiveCfg = Debug|Any CPU
		{4F137DC8-C956-468F-A52C-0C6550AAC2D2}.Debug|Any CPU.Build.0 = Debug|Any CPU
		{4F137DC8-C956-468F-A52C-0C6550AAC2D2}.Release|Any CPU.ActiveCfg = Release|Any CPU
		{4F137DC8-C956-468F-A52C-0C6550AAC2D2}.Release|Any CPU.Build.0 = Release|Any CPU
		{0AE47D81-083F-41DC-8D6D-AD539411ED57}.Debug|Any CPU.ActiveCfg = Debug|Any CPU
		{0AE47D81-083F-41DC-8D6D-AD539411ED57}.Debug|Any CPU.Build.0 = Debug|Any CPU
		{0AE47D81-083F-41DC-8D6D-AD539411ED57}.Release|Any CPU.ActiveCfg = Release|Any CPU
		{0AE47D81-083F-41DC-8D6D-AD539411ED57}.Release|Any CPU.Build.0 = Release|Any CPU
		{578DE065-3979-4B91-9AC4-A3552486CAD0}.Debug|Any CPU.ActiveCfg = Debug|Any CPU
		{578DE065-3979-4B91-9AC4-A3552486CAD0}.Debug|Any CPU.Build.0 = Debug|Any CPU
		{578DE065-3979-4B91-9AC4-A3552486CAD0}.Release|Any CPU.ActiveCfg = Release|Any CPU
		{578DE065-3979-4B91-9AC4-A3552486CAD0}.Release|Any CPU.Build.0 = Release|Any CPU
		{84CDAF5D-A006-42DC-BD8B-4C751C448B2B}.Debug|Any CPU.ActiveCfg = Debug|Any CPU
		{84CDAF5D-A006-42DC-BD8B-4C751C448B2B}.Debug|Any CPU.Build.0 = Debug|Any CPU
		{84CDAF5D-A006-42DC-BD8B-4C751C448B2B}.Release|Any CPU.ActiveCfg = Release|Any CPU
		{84CDAF5D-A006-42DC-BD8B-4C751C448B2B}.Release|Any CPU.Build.0 = Release|Any CPU
		{3C68743B-3F5F-4A91-9AF8-EF3D8E0022FB}.Debug|Any CPU.ActiveCfg = Debug|Any CPU
		{3C68743B-3F5F-4A91-9AF8-EF3D8E0022FB}.Debug|Any CPU.Build.0 = Debug|Any CPU
		{3C68743B-3F5F-4A91-9AF8-EF3D8E0022FB}.Release|Any CPU.ActiveCfg = Release|Any CPU
		{3C68743B-3F5F-4A91-9AF8-EF3D8E0022FB}.Release|Any CPU.Build.0 = Release|Any CPU
		{75BDC1C3-F288-4EE4-9CBD-E56499F599AC}.Debug|Any CPU.ActiveCfg = Debug|Any CPU
		{75BDC1C3-F288-4EE4-9CBD-E56499F599AC}.Debug|Any CPU.Build.0 = Debug|Any CPU
		{75BDC1C3-F288-4EE4-9CBD-E56499F599AC}.Release|Any CPU.ActiveCfg = Release|Any CPU
		{75BDC1C3-F288-4EE4-9CBD-E56499F599AC}.Release|Any CPU.Build.0 = Release|Any CPU
		{633AC85B-F40B-4BD8-8F6D-BF564DE354D1}.Debug|Any CPU.ActiveCfg = Debug|Any CPU
		{633AC85B-F40B-4BD8-8F6D-BF564DE354D1}.Debug|Any CPU.Build.0 = Debug|Any CPU
		{633AC85B-F40B-4BD8-8F6D-BF564DE354D1}.Release|Any CPU.ActiveCfg = Release|Any CPU
		{633AC85B-F40B-4BD8-8F6D-BF564DE354D1}.Release|Any CPU.Build.0 = Release|Any CPU
		{E489707D-8E6F-4991-95A5-206F0EDD0691}.Debug|Any CPU.ActiveCfg = Debug|Any CPU
		{E489707D-8E6F-4991-95A5-206F0EDD0691}.Debug|Any CPU.Build.0 = Debug|Any CPU
		{E489707D-8E6F-4991-95A5-206F0EDD0691}.Release|Any CPU.ActiveCfg = Release|Any CPU
		{E489707D-8E6F-4991-95A5-206F0EDD0691}.Release|Any CPU.Build.0 = Release|Any CPU
		{20DFDA08-8ECA-491C-90F7-086AFE046CEC}.Debug|Any CPU.ActiveCfg = Debug|Any CPU
		{20DFDA08-8ECA-491C-90F7-086AFE046CEC}.Debug|Any CPU.Build.0 = Debug|Any CPU
		{20DFDA08-8ECA-491C-90F7-086AFE046CEC}.Release|Any CPU.ActiveCfg = Release|Any CPU
		{20DFDA08-8ECA-491C-90F7-086AFE046CEC}.Release|Any CPU.Build.0 = Release|Any CPU
		{81DCB9CC-8CD6-49AB-AB68-7DDFE954B5E6}.Debug|Any CPU.ActiveCfg = Debug|Any CPU
		{81DCB9CC-8CD6-49AB-AB68-7DDFE954B5E6}.Debug|Any CPU.Build.0 = Debug|Any CPU
		{81DCB9CC-8CD6-49AB-AB68-7DDFE954B5E6}.Release|Any CPU.ActiveCfg = Release|Any CPU
		{81DCB9CC-8CD6-49AB-AB68-7DDFE954B5E6}.Release|Any CPU.Build.0 = Release|Any CPU
		{54F41583-D91B-4BC9-B509-760D881DCF63}.Debug|Any CPU.ActiveCfg = Debug|Any CPU
		{54F41583-D91B-4BC9-B509-760D881DCF63}.Debug|Any CPU.Build.0 = Debug|Any CPU
		{54F41583-D91B-4BC9-B509-760D881DCF63}.Release|Any CPU.ActiveCfg = Release|Any CPU
		{54F41583-D91B-4BC9-B509-760D881DCF63}.Release|Any CPU.Build.0 = Release|Any CPU
		{A3ECA068-D48A-4E1B-B764-3832E1A15BF3}.Debug|Any CPU.ActiveCfg = Debug|Any CPU
		{A3ECA068-D48A-4E1B-B764-3832E1A15BF3}.Debug|Any CPU.Build.0 = Debug|Any CPU
		{A3ECA068-D48A-4E1B-B764-3832E1A15BF3}.Release|Any CPU.ActiveCfg = Release|Any CPU
		{A3ECA068-D48A-4E1B-B764-3832E1A15BF3}.Release|Any CPU.Build.0 = Release|Any CPU
		{20FA0696-9369-4A79-BC73-53D0B6010C08}.Debug|Any CPU.ActiveCfg = Debug|Any CPU
		{20FA0696-9369-4A79-BC73-53D0B6010C08}.Debug|Any CPU.Build.0 = Debug|Any CPU
		{20FA0696-9369-4A79-BC73-53D0B6010C08}.Release|Any CPU.ActiveCfg = Release|Any CPU
		{20FA0696-9369-4A79-BC73-53D0B6010C08}.Release|Any CPU.Build.0 = Release|Any CPU
		{C52924BA-F839-46C4-B8B5-205E97D7CDF3}.Debug|Any CPU.ActiveCfg = Debug|Any CPU
		{C52924BA-F839-46C4-B8B5-205E97D7CDF3}.Debug|Any CPU.Build.0 = Debug|Any CPU
		{C52924BA-F839-46C4-B8B5-205E97D7CDF3}.Release|Any CPU.ActiveCfg = Release|Any CPU
		{C52924BA-F839-46C4-B8B5-205E97D7CDF3}.Release|Any CPU.Build.0 = Release|Any CPU
		{023487E9-B66D-4091-84C6-353CEF32C867}.Debug|Any CPU.ActiveCfg = Debug|Any CPU
		{023487E9-B66D-4091-84C6-353CEF32C867}.Debug|Any CPU.Build.0 = Debug|Any CPU
		{023487E9-B66D-4091-84C6-353CEF32C867}.Release|Any CPU.ActiveCfg = Release|Any CPU
		{023487E9-B66D-4091-84C6-353CEF32C867}.Release|Any CPU.Build.0 = Release|Any CPU
		{2F582226-4059-41C4-ADCE-F912587AA2E9}.Debug|Any CPU.ActiveCfg = Debug|Any CPU
		{2F582226-4059-41C4-ADCE-F912587AA2E9}.Debug|Any CPU.Build.0 = Debug|Any CPU
		{2F582226-4059-41C4-ADCE-F912587AA2E9}.Release|Any CPU.ActiveCfg = Release|Any CPU
		{2F582226-4059-41C4-ADCE-F912587AA2E9}.Release|Any CPU.Build.0 = Release|Any CPU
		{24D60074-96D4-4BED-8253-FEE4DEB02768}.Debug|Any CPU.ActiveCfg = Debug|Any CPU
		{24D60074-96D4-4BED-8253-FEE4DEB02768}.Debug|Any CPU.Build.0 = Debug|Any CPU
		{24D60074-96D4-4BED-8253-FEE4DEB02768}.Release|Any CPU.ActiveCfg = Release|Any CPU
		{24D60074-96D4-4BED-8253-FEE4DEB02768}.Release|Any CPU.Build.0 = Release|Any CPU
		{DD3DBC17-7B06-4457-8933-D7A49C817F02}.Debug|Any CPU.ActiveCfg = Debug|Any CPU
		{DD3DBC17-7B06-4457-8933-D7A49C817F02}.Debug|Any CPU.Build.0 = Debug|Any CPU
		{DD3DBC17-7B06-4457-8933-D7A49C817F02}.Release|Any CPU.ActiveCfg = Release|Any CPU
		{DD3DBC17-7B06-4457-8933-D7A49C817F02}.Release|Any CPU.Build.0 = Release|Any CPU
	EndGlobalSection
	GlobalSection(SolutionProperties) = preSolution
		HideSolutionNode = FALSE
	EndGlobalSection
	GlobalSection(NestedProjects) = preSolution
		{143928BA-2437-41CA-9D4C-F1DF1B3DDFBD} = {7B296C60-1BFD-41ED-AE16-7F3E025E6585}
		{4F137DC8-C956-468F-A52C-0C6550AAC2D2} = {7B296C60-1BFD-41ED-AE16-7F3E025E6585}
		{0AE47D81-083F-41DC-8D6D-AD539411ED57} = {7B296C60-1BFD-41ED-AE16-7F3E025E6585}
		{578DE065-3979-4B91-9AC4-A3552486CAD0} = {7B296C60-1BFD-41ED-AE16-7F3E025E6585}
		{84CDAF5D-A006-42DC-BD8B-4C751C448B2B} = {7B296C60-1BFD-41ED-AE16-7F3E025E6585}
		{3C68743B-3F5F-4A91-9AF8-EF3D8E0022FB} = {E7857558-FE21-4272-9FF4-23E31E7D5C2B}
		{75BDC1C3-F288-4EE4-9CBD-E56499F599AC} = {E7857558-FE21-4272-9FF4-23E31E7D5C2B}
		{633AC85B-F40B-4BD8-8F6D-BF564DE354D1} = {E7857558-FE21-4272-9FF4-23E31E7D5C2B}
		{E489707D-8E6F-4991-95A5-206F0EDD0691} = {E7857558-FE21-4272-9FF4-23E31E7D5C2B}
		{20DFDA08-8ECA-491C-90F7-086AFE046CEC} = {E7857558-FE21-4272-9FF4-23E31E7D5C2B}
		{81DCB9CC-8CD6-49AB-AB68-7DDFE954B5E6} = {C7178AF4-F84C-4F22-A6F7-35D0770400F2}
		{54F41583-D91B-4BC9-B509-760D881DCF63} = {C7178AF4-F84C-4F22-A6F7-35D0770400F2}
		{A3ECA068-D48A-4E1B-B764-3832E1A15BF3} = {C7178AF4-F84C-4F22-A6F7-35D0770400F2}
		{20FA0696-9369-4A79-BC73-53D0B6010C08} = {C7178AF4-F84C-4F22-A6F7-35D0770400F2}
		{C52924BA-F839-46C4-B8B5-205E97D7CDF3} = {ECB75D23-BF07-445B-A4E6-BB52F996D997}
		{023487E9-B66D-4091-84C6-353CEF32C867} = {ECB75D23-BF07-445B-A4E6-BB52F996D997}
		{2F582226-4059-41C4-ADCE-F912587AA2E9} = {ECB75D23-BF07-445B-A4E6-BB52F996D997}
		{24D60074-96D4-4BED-8253-FEE4DEB02768} = {ECB75D23-BF07-445B-A4E6-BB52F996D997}
		{DD3DBC17-7B06-4457-8933-D7A49C817F02} = {D49B9FF8-E558-450D-AE59-6152DC78E314}
	EndGlobalSection
	GlobalSection(ExtensibilityGlobals) = postSolution
		SolutionGuid = {50C675F3-945A-4002-B0D6-771D722BFC8C}
	EndGlobalSection
EndGlobal
